// !$*UTF8*$!
{
	archiveVersion = 1;
	classes = {
	};
	objectVersion = 54;
	objects = {

/* Begin PBXBuildFile section */
		5D04E56E24AA83310090866B /* FunHouseApp.swift in Sources */ = {isa = PBXBuildFile; fileRef = 5D04E56D24AA83310090866B /* FunHouseApp.swift */; };
		5D050CDE22DD6A010045F744 /* ProgressDemoProperties.swift in Sources */ = {isa = PBXBuildFile; fileRef = 5D050CDD22DD6A010045F744 /* ProgressDemoProperties.swift */; };
		5D050CE022DD6C740045F744 /* SimplePieSliceProgressDemoView.swift in Sources */ = {isa = PBXBuildFile; fileRef = 5D050CDF22DD6C740045F744 /* SimplePieSliceProgressDemoView.swift */; };
		5D050CE222DD6EC10045F744 /* ProminentProgressViewDemo.swift in Sources */ = {isa = PBXBuildFile; fileRef = 5D050CE122DD6EC10045F744 /* ProminentProgressViewDemo.swift */; };
		5D050CE422DEAC340045F744 /* IndeterminateProgressDemoView.swift in Sources */ = {isa = PBXBuildFile; fileRef = 5D050CE322DEAC340045F744 /* IndeterminateProgressDemoView.swift */; };
		5D08A61A260ECFA3006B0B7B /* BarberPoleView.swift in Sources */ = {isa = PBXBuildFile; fileRef = 5D08A619260ECFA3006B0B7B /* BarberPoleView.swift */; };
		5D152E122A407A9700A5FA5C /* ThreePointCircleDemo.swift in Sources */ = {isa = PBXBuildFile; fileRef = 5D152E112A407A9700A5FA5C /* ThreePointCircleDemo.swift */; };
		5D1D493B22E01D7300B6722D /* SineWaveDemoView.swift in Sources */ = {isa = PBXBuildFile; fileRef = 5D1D493A22E01D7300B6722D /* SineWaveDemoView.swift */; };
		5D1D493E22E01E7100B6722D /* SineWaveView.swift in Sources */ = {isa = PBXBuildFile; fileRef = 5D1D493D22E01E7100B6722D /* SineWaveView.swift */; };
		5D1D494022E01EC500B6722D /* SineWave.swift in Sources */ = {isa = PBXBuildFile; fileRef = 5D1D493F22E01EC500B6722D /* SineWave.swift */; };
		5D22EC4A2606A2900052F596 /* AdaptiveRoundedRectangle.swift in Sources */ = {isa = PBXBuildFile; fileRef = 5D22EC492606A2900052F596 /* AdaptiveRoundedRectangle.swift */; };
		5D22EC4C2606A2EF0052F596 /* AdaptiveRoundedRectangleDemo.swift in Sources */ = {isa = PBXBuildFile; fileRef = 5D22EC4B2606A2EF0052F596 /* AdaptiveRoundedRectangleDemo.swift */; };
		5D37390824BA204400B28165 /* RecordActionButtonStyle.swift in Sources */ = {isa = PBXBuildFile; fileRef = 5D37390724BA204400B28165 /* RecordActionButtonStyle.swift */; };
		5D37390A24BA209A00B28165 /* RecordActionDemoView.swift in Sources */ = {isa = PBXBuildFile; fileRef = 5D37390924BA209A00B28165 /* RecordActionDemoView.swift */; };
		5D4D3F392A41422D00B8D7BA /* ThreePointCircleModel.swift in Sources */ = {isa = PBXBuildFile; fileRef = 5D4D3F382A41422D00B8D7BA /* ThreePointCircleModel.swift */; };
		5D54B4E9251444EB00D86E60 /* InteractiveProgressViewStyle.swift in Sources */ = {isa = PBXBuildFile; fileRef = 5D54B4E8251444EB00D86E60 /* InteractiveProgressViewStyle.swift */; };
		5D54B4EC251445A200D86E60 /* InteractiveProgressViewDemo.swift in Sources */ = {isa = PBXBuildFile; fileRef = 5D54B4EB251445A200D86E60 /* InteractiveProgressViewDemo.swift */; };
		5D54B5132516AC3900D86E60 /* RecordActionView.swift in Sources */ = {isa = PBXBuildFile; fileRef = 5D54B5122516AC3900D86E60 /* RecordActionView.swift */; };
		5D54B5172516B19E00D86E60 /* RecordActionSummaryView.swift in Sources */ = {isa = PBXBuildFile; fileRef = 5D54B5162516B19E00D86E60 /* RecordActionSummaryView.swift */; };
		5D56099C28517A3200004B22 /* FormLabelContentStyle.swift in Sources */ = {isa = PBXBuildFile; fileRef = 5D56099B28517A3200004B22 /* FormLabelContentStyle.swift */; };
		5D56099E28517A6800004B22 /* FormLabelCapable.swift in Sources */ = {isa = PBXBuildFile; fileRef = 5D56099D28517A6800004B22 /* FormLabelCapable.swift */; };
		5D5609A028517BBD00004B22 /* View+FormLabel.swift in Sources */ = {isa = PBXBuildFile; fileRef = 5D56099F28517BBD00004B22 /* View+FormLabel.swift */; };
		5D73E8A72A41D25800A45DB8 /* AdaptiveDatePickerStyle.swift in Sources */ = {isa = PBXBuildFile; fileRef = 5D73E8A62A41D25800A45DB8 /* AdaptiveDatePickerStyle.swift */; };
		5D81BCE522D7EBAE0051908E /* MenuView.swift in Sources */ = {isa = PBXBuildFile; fileRef = 5D81BCE422D7EBAE0051908E /* MenuView.swift */; };
		5D81BCE722D7EBAF0051908E /* Assets.xcassets in Resources */ = {isa = PBXBuildFile; fileRef = 5D81BCE622D7EBAF0051908E /* Assets.xcassets */; };
		5D81BCEA22D7EBAF0051908E /* Preview Assets.xcassets in Resources */ = {isa = PBXBuildFile; fileRef = 5D81BCE922D7EBAF0051908E /* Preview Assets.xcassets */; };
		5D81BCF822D7ED460051908E /* NumberFormatter+ConvenienceInitializers.swift in Sources */ = {isa = PBXBuildFile; fileRef = 5D81BCF722D7ED460051908E /* NumberFormatter+ConvenienceInitializers.swift */; };
		5D81BCFB22D7ED840051908E /* LissajousShape.swift in Sources */ = {isa = PBXBuildFile; fileRef = 5D81BCFA22D7ED840051908E /* LissajousShape.swift */; };
		5D81BCFD22D7EDB70051908E /* CenterCoordinateView.swift in Sources */ = {isa = PBXBuildFile; fileRef = 5D81BCFC22D7EDB70051908E /* CenterCoordinateView.swift */; };
		5D81BCFF22D7EDD50051908E /* LissajousView.swift in Sources */ = {isa = PBXBuildFile; fileRef = 5D81BCFE22D7EDD50051908E /* LissajousView.swift */; };
		5D81BD0122D7EE040051908E /* LissajousDemoView.swift in Sources */ = {isa = PBXBuildFile; fileRef = 5D81BD0022D7EE040051908E /* LissajousDemoView.swift */; };
		5D81BD0522D7FDF80051908E /* PieSlice.swift in Sources */ = {isa = PBXBuildFile; fileRef = 5D81BD0422D7FDF80051908E /* PieSlice.swift */; };
		5D81BD0A22D7FED10051908E /* IndeterminateProgressRingView.swift in Sources */ = {isa = PBXBuildFile; fileRef = 5D81BD0922D7FED10051908E /* IndeterminateProgressRingView.swift */; };
		5D81BD0C22D7FFAC0051908E /* AnimatableProgressShape.swift in Sources */ = {isa = PBXBuildFile; fileRef = 5D81BD0B22D7FFAC0051908E /* AnimatableProgressShape.swift */; };
		5D81BD1022D800940051908E /* SimpleCircleProgressDemoView.swift in Sources */ = {isa = PBXBuildFile; fileRef = 5D81BD0F22D800940051908E /* SimpleCircleProgressDemoView.swift */; };
		5D95934F254A5D1300E1EA73 /* ProminentProgressViewStyle.swift in Sources */ = {isa = PBXBuildFile; fileRef = 5D81BD0D22D7FFE80051908E /* ProminentProgressViewStyle.swift */; };
		5DC2CF2B251797A300021284 /* RecordStatusView.swift in Sources */ = {isa = PBXBuildFile; fileRef = 5DC2CF2A251797A300021284 /* RecordStatusView.swift */; };
		5DC2CF2F251954FF00021284 /* SoundPlayer.swift in Sources */ = {isa = PBXBuildFile; fileRef = 5DC2CF2E251954FF00021284 /* SoundPlayer.swift */; };
		5DC40CC922DAD51C0026422B /* ProgressDemoPropertiesView.swift in Sources */ = {isa = PBXBuildFile; fileRef = 5DC40CC822DAD51C0026422B /* ProgressDemoPropertiesView.swift */; };
		5DC422AE2519808F00B0508D /* ElapsedTimeView.swift in Sources */ = {isa = PBXBuildFile; fileRef = 5DC422AD2519808F00B0508D /* ElapsedTimeView.swift */; };
		5DC422B12519A3ED00B0508D /* EmptyText.swift in Sources */ = {isa = PBXBuildFile; fileRef = 5DC422B02519A3ED00B0508D /* EmptyText.swift */; };
		5DC422B32519A70C00B0508D /* Localizable.strings in Resources */ = {isa = PBXBuildFile; fileRef = 5DC422B52519A70C00B0508D /* Localizable.strings */; };
		5DC422B82519AA4000B0508D /* SensorTrackRecordActionView.swift in Sources */ = {isa = PBXBuildFile; fileRef = 5DC422B72519AA4000B0508D /* SensorTrackRecordActionView.swift */; };
		5DD1E516260FCCBE00CB5175 /* Validator.swift in Sources */ = {isa = PBXBuildFile; fileRef = 5DD1E515260FCCBE00CB5175 /* Validator.swift */; };
		5DD1E519260FCD6C00CB5175 /* FormFieldAnnotation.swift in Sources */ = {isa = PBXBuildFile; fileRef = 5DD1E518260FCD6C00CB5175 /* FormFieldAnnotation.swift */; };
		5DD1E51B260FCDA500CB5175 /* FormFieldAnnotation+Extensions.swift in Sources */ = {isa = PBXBuildFile; fileRef = 5DD1E51A260FCDA500CB5175 /* FormFieldAnnotation+Extensions.swift */; };
		5DD1E51D260FCDD100CB5175 /* ValidatingTextField.swift in Sources */ = {isa = PBXBuildFile; fileRef = 5DD1E51C260FCDD100CB5175 /* ValidatingTextField.swift */; };
		5DD1E51F260FCE7500CB5175 /* TokenMessageView.swift in Sources */ = {isa = PBXBuildFile; fileRef = 5DD1E51E260FCE7500CB5175 /* TokenMessageView.swift */; };
		5DDF456324B63B55005CA54F /* FormLabel.swift in Sources */ = {isa = PBXBuildFile; fileRef = 5DDF456224B63B55005CA54F /* FormLabel.swift */; };
		5DFA925A23457890007B3055 /* CustomerForm.swift in Sources */ = {isa = PBXBuildFile; fileRef = 5DFA925923457890007B3055 /* CustomerForm.swift */; };
		5DFA925E234578AC007B3055 /* Customer.swift in Sources */ = {isa = PBXBuildFile; fileRef = 5DFA925D234578AC007B3055 /* Customer.swift */; };
/* End PBXBuildFile section */

/* Begin PBXFileReference section */
		5D04E56D24AA83310090866B /* FunHouseApp.swift */ = {isa = PBXFileReference; lastKnownFileType = sourcecode.swift; path = FunHouseApp.swift; sourceTree = "<group>"; };
		5D050CDD22DD6A010045F744 /* ProgressDemoProperties.swift */ = {isa = PBXFileReference; lastKnownFileType = sourcecode.swift; path = ProgressDemoProperties.swift; sourceTree = "<group>"; };
		5D050CDF22DD6C740045F744 /* SimplePieSliceProgressDemoView.swift */ = {isa = PBXFileReference; fileEncoding = 4; lastKnownFileType = sourcecode.swift; path = SimplePieSliceProgressDemoView.swift; sourceTree = "<group>"; };
		5D050CE122DD6EC10045F744 /* ProminentProgressViewDemo.swift */ = {isa = PBXFileReference; fileEncoding = 4; lastKnownFileType = sourcecode.swift; path = ProminentProgressViewDemo.swift; sourceTree = "<group>"; };
		5D050CE322DEAC340045F744 /* IndeterminateProgressDemoView.swift */ = {isa = PBXFileReference; lastKnownFileType = sourcecode.swift; path = IndeterminateProgressDemoView.swift; sourceTree = "<group>"; };
		5D08A619260ECFA3006B0B7B /* BarberPoleView.swift */ = {isa = PBXFileReference; lastKnownFileType = sourcecode.swift; path = BarberPoleView.swift; sourceTree = "<group>"; };
		5D152E112A407A9700A5FA5C /* ThreePointCircleDemo.swift */ = {isa = PBXFileReference; lastKnownFileType = sourcecode.swift; path = ThreePointCircleDemo.swift; sourceTree = "<group>"; };
		5D1D493A22E01D7300B6722D /* SineWaveDemoView.swift */ = {isa = PBXFileReference; lastKnownFileType = sourcecode.swift; path = SineWaveDemoView.swift; sourceTree = "<group>"; };
		5D1D493D22E01E7100B6722D /* SineWaveView.swift */ = {isa = PBXFileReference; lastKnownFileType = sourcecode.swift; path = SineWaveView.swift; sourceTree = "<group>"; };
		5D1D493F22E01EC500B6722D /* SineWave.swift */ = {isa = PBXFileReference; lastKnownFileType = sourcecode.swift; path = SineWave.swift; sourceTree = "<group>"; };
		5D22EC492606A2900052F596 /* AdaptiveRoundedRectangle.swift */ = {isa = PBXFileReference; lastKnownFileType = sourcecode.swift; path = AdaptiveRoundedRectangle.swift; sourceTree = "<group>"; };
		5D22EC4B2606A2EF0052F596 /* AdaptiveRoundedRectangleDemo.swift */ = {isa = PBXFileReference; lastKnownFileType = sourcecode.swift; path = AdaptiveRoundedRectangleDemo.swift; sourceTree = "<group>"; };
		5D37390724BA204400B28165 /* RecordActionButtonStyle.swift */ = {isa = PBXFileReference; lastKnownFileType = sourcecode.swift; path = RecordActionButtonStyle.swift; sourceTree = "<group>"; };
		5D37390924BA209A00B28165 /* RecordActionDemoView.swift */ = {isa = PBXFileReference; lastKnownFileType = sourcecode.swift; path = RecordActionDemoView.swift; sourceTree = "<group>"; };
		5D4D3F382A41422D00B8D7BA /* ThreePointCircleModel.swift */ = {isa = PBXFileReference; lastKnownFileType = sourcecode.swift; path = ThreePointCircleModel.swift; sourceTree = "<group>"; };
		5D54B4E8251444EB00D86E60 /* InteractiveProgressViewStyle.swift */ = {isa = PBXFileReference; lastKnownFileType = sourcecode.swift; path = InteractiveProgressViewStyle.swift; sourceTree = "<group>"; };
		5D54B4EB251445A200D86E60 /* InteractiveProgressViewDemo.swift */ = {isa = PBXFileReference; lastKnownFileType = sourcecode.swift; path = InteractiveProgressViewDemo.swift; sourceTree = "<group>"; };
		5D54B5122516AC3900D86E60 /* RecordActionView.swift */ = {isa = PBXFileReference; lastKnownFileType = sourcecode.swift; path = RecordActionView.swift; sourceTree = "<group>"; };
		5D54B5162516B19E00D86E60 /* RecordActionSummaryView.swift */ = {isa = PBXFileReference; lastKnownFileType = sourcecode.swift; path = RecordActionSummaryView.swift; sourceTree = "<group>"; };
		5D56099B28517A3200004B22 /* FormLabelContentStyle.swift */ = {isa = PBXFileReference; lastKnownFileType = sourcecode.swift; path = FormLabelContentStyle.swift; sourceTree = "<group>"; };
		5D56099D28517A6800004B22 /* FormLabelCapable.swift */ = {isa = PBXFileReference; lastKnownFileType = sourcecode.swift; path = FormLabelCapable.swift; sourceTree = "<group>"; };
		5D56099F28517BBD00004B22 /* View+FormLabel.swift */ = {isa = PBXFileReference; lastKnownFileType = sourcecode.swift; path = "View+FormLabel.swift"; sourceTree = "<group>"; };
		5D73E8A62A41D25800A45DB8 /* AdaptiveDatePickerStyle.swift */ = {isa = PBXFileReference; lastKnownFileType = sourcecode.swift; path = AdaptiveDatePickerStyle.swift; sourceTree = "<group>"; };
		5D81BCDD22D7EBAE0051908E /* SwiftUI Fun House.app */ = {isa = PBXFileReference; explicitFileType = wrapper.application; includeInIndex = 0; path = "SwiftUI Fun House.app"; sourceTree = BUILT_PRODUCTS_DIR; };
		5D81BCE422D7EBAE0051908E /* MenuView.swift */ = {isa = PBXFileReference; lastKnownFileType = sourcecode.swift; path = MenuView.swift; sourceTree = "<group>"; };
		5D81BCE622D7EBAF0051908E /* Assets.xcassets */ = {isa = PBXFileReference; lastKnownFileType = folder.assetcatalog; path = Assets.xcassets; sourceTree = "<group>"; };
		5D81BCE922D7EBAF0051908E /* Preview Assets.xcassets */ = {isa = PBXFileReference; lastKnownFileType = folder.assetcatalog; path = "Preview Assets.xcassets"; sourceTree = "<group>"; };
		5D81BCEE22D7EBAF0051908E /* Info.plist */ = {isa = PBXFileReference; lastKnownFileType = text.plist.xml; path = Info.plist; sourceTree = "<group>"; };
		5D81BCF722D7ED460051908E /* NumberFormatter+ConvenienceInitializers.swift */ = {isa = PBXFileReference; lastKnownFileType = sourcecode.swift; path = "NumberFormatter+ConvenienceInitializers.swift"; sourceTree = "<group>"; };
		5D81BCFA22D7ED840051908E /* LissajousShape.swift */ = {isa = PBXFileReference; lastKnownFileType = sourcecode.swift; path = LissajousShape.swift; sourceTree = "<group>"; };
		5D81BCFC22D7EDB70051908E /* CenterCoordinateView.swift */ = {isa = PBXFileReference; lastKnownFileType = sourcecode.swift; path = CenterCoordinateView.swift; sourceTree = "<group>"; };
		5D81BCFE22D7EDD50051908E /* LissajousView.swift */ = {isa = PBXFileReference; lastKnownFileType = sourcecode.swift; path = LissajousView.swift; sourceTree = "<group>"; };
		5D81BD0022D7EE040051908E /* LissajousDemoView.swift */ = {isa = PBXFileReference; lastKnownFileType = sourcecode.swift; path = LissajousDemoView.swift; sourceTree = "<group>"; };
		5D81BD0422D7FDF80051908E /* PieSlice.swift */ = {isa = PBXFileReference; lastKnownFileType = sourcecode.swift; path = PieSlice.swift; sourceTree = "<group>"; };
		5D81BD0922D7FED10051908E /* IndeterminateProgressRingView.swift */ = {isa = PBXFileReference; lastKnownFileType = sourcecode.swift; path = IndeterminateProgressRingView.swift; sourceTree = "<group>"; };
		5D81BD0B22D7FFAC0051908E /* AnimatableProgressShape.swift */ = {isa = PBXFileReference; lastKnownFileType = sourcecode.swift; path = AnimatableProgressShape.swift; sourceTree = "<group>"; };
		5D81BD0D22D7FFE80051908E /* ProminentProgressViewStyle.swift */ = {isa = PBXFileReference; lastKnownFileType = sourcecode.swift; path = ProminentProgressViewStyle.swift; sourceTree = "<group>"; };
		5D81BD0F22D800940051908E /* SimpleCircleProgressDemoView.swift */ = {isa = PBXFileReference; lastKnownFileType = sourcecode.swift; path = SimpleCircleProgressDemoView.swift; sourceTree = "<group>"; };
		5DA0168529D4867000ED98C1 /* libc++.tbd */ = {isa = PBXFileReference; lastKnownFileType = "sourcecode.text-based-dylib-definition"; name = "libc++.tbd"; path = "usr/lib/libc++.tbd"; sourceTree = SDKROOT; };
		5DC2CF2A251797A300021284 /* RecordStatusView.swift */ = {isa = PBXFileReference; lastKnownFileType = sourcecode.swift; path = RecordStatusView.swift; sourceTree = "<group>"; };
		5DC2CF2E251954FF00021284 /* SoundPlayer.swift */ = {isa = PBXFileReference; lastKnownFileType = sourcecode.swift; path = SoundPlayer.swift; sourceTree = "<group>"; };
		5DC40CC822DAD51C0026422B /* ProgressDemoPropertiesView.swift */ = {isa = PBXFileReference; lastKnownFileType = sourcecode.swift; path = ProgressDemoPropertiesView.swift; sourceTree = "<group>"; };
		5DC422AD2519808F00B0508D /* ElapsedTimeView.swift */ = {isa = PBXFileReference; lastKnownFileType = sourcecode.swift; path = ElapsedTimeView.swift; sourceTree = "<group>"; };
		5DC422B02519A3ED00B0508D /* EmptyText.swift */ = {isa = PBXFileReference; lastKnownFileType = sourcecode.swift; path = EmptyText.swift; sourceTree = "<group>"; };
		5DC422B42519A70C00B0508D /* en */ = {isa = PBXFileReference; lastKnownFileType = text.plist.strings; name = en; path = en.lproj/Localizable.strings; sourceTree = "<group>"; };
		5DC422B72519AA4000B0508D /* SensorTrackRecordActionView.swift */ = {isa = PBXFileReference; lastKnownFileType = sourcecode.swift; path = SensorTrackRecordActionView.swift; sourceTree = "<group>"; };
		5DD1E515260FCCBE00CB5175 /* Validator.swift */ = {isa = PBXFileReference; lastKnownFileType = sourcecode.swift; path = Validator.swift; sourceTree = "<group>"; };
		5DD1E518260FCD6C00CB5175 /* FormFieldAnnotation.swift */ = {isa = PBXFileReference; lastKnownFileType = sourcecode.swift; path = FormFieldAnnotation.swift; sourceTree = "<group>"; };
		5DD1E51A260FCDA500CB5175 /* FormFieldAnnotation+Extensions.swift */ = {isa = PBXFileReference; lastKnownFileType = sourcecode.swift; path = "FormFieldAnnotation+Extensions.swift"; sourceTree = "<group>"; };
		5DD1E51C260FCDD100CB5175 /* ValidatingTextField.swift */ = {isa = PBXFileReference; lastKnownFileType = sourcecode.swift; path = ValidatingTextField.swift; sourceTree = "<group>"; };
		5DD1E51E260FCE7500CB5175 /* TokenMessageView.swift */ = {isa = PBXFileReference; lastKnownFileType = sourcecode.swift; path = TokenMessageView.swift; sourceTree = "<group>"; };
		5DDF456224B63B55005CA54F /* FormLabel.swift */ = {isa = PBXFileReference; lastKnownFileType = sourcecode.swift; path = FormLabel.swift; sourceTree = "<group>"; };
		5DFA925923457890007B3055 /* CustomerForm.swift */ = {isa = PBXFileReference; fileEncoding = 4; lastKnownFileType = sourcecode.swift; path = CustomerForm.swift; sourceTree = "<group>"; };
		5DFA925D234578AC007B3055 /* Customer.swift */ = {isa = PBXFileReference; lastKnownFileType = sourcecode.swift; path = Customer.swift; sourceTree = "<group>"; };
/* End PBXFileReference section */

/* Begin PBXFrameworksBuildPhase section */
		5D81BCDA22D7EBAE0051908E /* Frameworks */ = {
			isa = PBXFrameworksBuildPhase;
			buildActionMask = 2147483647;
			files = (
			);
			runOnlyForDeploymentPostprocessing = 0;
		};
/* End PBXFrameworksBuildPhase section */

/* Begin PBXGroup section */
		5D04E56F24AA95D40090866B /* Common */ = {
			isa = PBXGroup;
			children = (
				5DC422B02519A3ED00B0508D /* EmptyText.swift */,
			);
			path = Common;
			sourceTree = "<group>";
		};
		5D152E102A407A7000A5FA5C /* ThreePointCircleDemo */ = {
			isa = PBXGroup;
			children = (
				5D152E112A407A9700A5FA5C /* ThreePointCircleDemo.swift */,
				5D4D3F382A41422D00B8D7BA /* ThreePointCircleModel.swift */,
			);
			path = ThreePointCircleDemo;
			sourceTree = "<group>";
		};
		5D1D493922E01D5A00B6722D /* Sine Wave */ = {
			isa = PBXGroup;
			children = (
				5D1D493A22E01D7300B6722D /* SineWaveDemoView.swift */,
				5D1D493D22E01E7100B6722D /* SineWaveView.swift */,
				5D1D493F22E01EC500B6722D /* SineWave.swift */,
			);
			path = "Sine Wave";
			sourceTree = "<group>";
		};
		5D22EC482606A27B0052F596 /* Adaptive Rounded Rectangle */ = {
			isa = PBXGroup;
			children = (
				5D22EC4B2606A2EF0052F596 /* AdaptiveRoundedRectangleDemo.swift */,
				5D22EC492606A2900052F596 /* AdaptiveRoundedRectangle.swift */,
			);
			path = "Adaptive Rounded Rectangle";
			sourceTree = "<group>";
		};
		5D37390624BA203200B28165 /* Record Action */ = {
			isa = PBXGroup;
			children = (
				5D37390924BA209A00B28165 /* RecordActionDemoView.swift */,
				5D37390724BA204400B28165 /* RecordActionButtonStyle.swift */,
				5D54B5122516AC3900D86E60 /* RecordActionView.swift */,
				5D54B5162516B19E00D86E60 /* RecordActionSummaryView.swift */,
				5DC2CF2A251797A300021284 /* RecordStatusView.swift */,
				5DC422AD2519808F00B0508D /* ElapsedTimeView.swift */,
				5DC422B72519AA4000B0508D /* SensorTrackRecordActionView.swift */,
			);
			path = "Record Action";
			sourceTree = "<group>";
		};
		5D56099A28517A2200004B22 /* Common */ = {
			isa = PBXGroup;
			children = (
				5DDF456224B63B55005CA54F /* FormLabel.swift */,
				5D56099B28517A3200004B22 /* FormLabelContentStyle.swift */,
				5D56099D28517A6800004B22 /* FormLabelCapable.swift */,
				5D56099F28517BBD00004B22 /* View+FormLabel.swift */,
				5D73E8A62A41D25800A45DB8 /* AdaptiveDatePickerStyle.swift */,
			);
			path = Common;
			sourceTree = "<group>";
		};
		5D81BCD422D7EBAE0051908E = {
			isa = PBXGroup;
			children = (
				5D81BCDF22D7EBAE0051908E /* SwiftUI Fun House */,
				5D81BCDE22D7EBAE0051908E /* Products */,
				5DA0168429D4867000ED98C1 /* Frameworks */,
			);
			sourceTree = "<group>";
		};
		5D81BCDE22D7EBAE0051908E /* Products */ = {
			isa = PBXGroup;
			children = (
				5D81BCDD22D7EBAE0051908E /* SwiftUI Fun House.app */,
			);
			name = Products;
			sourceTree = "<group>";
		};
		5D81BCDF22D7EBAE0051908E /* SwiftUI Fun House */ = {
			isa = PBXGroup;
			children = (
				5D81BD0222D7FDC30051908E /* App Delegate */,
				5D81BD0322D7FDD40051908E /* Examples */,
				5DC2CF322519570F00021284 /* Other */,
				5D81BCF422D7ECE30051908E /* Foundation Extensions */,
				5D81BCE622D7EBAF0051908E /* Assets.xcassets */,
				5D81BCEE22D7EBAF0051908E /* Info.plist */,
				5DC422B52519A70C00B0508D /* Localizable.strings */,
				5D81BCE822D7EBAF0051908E /* Preview Content */,
			);
			path = "SwiftUI Fun House";
			sourceTree = "<group>";
		};
		5D81BCE822D7EBAF0051908E /* Preview Content */ = {
			isa = PBXGroup;
			children = (
				5D81BCE922D7EBAF0051908E /* Preview Assets.xcassets */,
			);
			path = "Preview Content";
			sourceTree = "<group>";
		};
		5D81BCF422D7ECE30051908E /* Foundation Extensions */ = {
			isa = PBXGroup;
			children = (
				5D81BCF722D7ED460051908E /* NumberFormatter+ConvenienceInitializers.swift */,
			);
			path = "Foundation Extensions";
			sourceTree = "<group>";
		};
		5D81BCF922D7ED610051908E /* Lissajous */ = {
			isa = PBXGroup;
			children = (
				5D81BD0022D7EE040051908E /* LissajousDemoView.swift */,
				5D81BCFE22D7EDD50051908E /* LissajousView.swift */,
				5D81BCFA22D7ED840051908E /* LissajousShape.swift */,
				5D81BCFC22D7EDB70051908E /* CenterCoordinateView.swift */,
			);
			path = Lissajous;
			sourceTree = "<group>";
		};
		5D81BD0222D7FDC30051908E /* App Delegate */ = {
			isa = PBXGroup;
			children = (
				5D04E56D24AA83310090866B /* FunHouseApp.swift */,
				5D81BCE422D7EBAE0051908E /* MenuView.swift */,
			);
			path = "App Delegate";
			sourceTree = "<group>";
		};
		5D81BD0322D7FDD40051908E /* Examples */ = {
			isa = PBXGroup;
			children = (
				5D152E102A407A7000A5FA5C /* ThreePointCircleDemo */,
				5D22EC482606A27B0052F596 /* Adaptive Rounded Rectangle */,
				5D37390624BA203200B28165 /* Record Action */,
				5D1D493922E01D5A00B6722D /* Sine Wave */,
				5D81BCF922D7ED610051908E /* Lissajous */,
				5DFA92572345787C007B3055 /* Forms */,
				5D81BD0622D7FE6E0051908E /* Progress */,
				5D04E56F24AA95D40090866B /* Common */,
			);
			path = Examples;
			sourceTree = "<group>";
		};
		5D81BD0622D7FE6E0051908E /* Progress */ = {
			isa = PBXGroup;
			children = (
				5D81BD0F22D800940051908E /* SimpleCircleProgressDemoView.swift */,
				5D050CDF22DD6C740045F744 /* SimplePieSliceProgressDemoView.swift */,
				5D050CE122DD6EC10045F744 /* ProminentProgressViewDemo.swift */,
				5D050CE322DEAC340045F744 /* IndeterminateProgressDemoView.swift */,
				5DC40CC822DAD51C0026422B /* ProgressDemoPropertiesView.swift */,
				5D81BD0D22D7FFE80051908E /* ProminentProgressViewStyle.swift */,
				5D81BD0422D7FDF80051908E /* PieSlice.swift */,
				5D81BD0922D7FED10051908E /* IndeterminateProgressRingView.swift */,
				5D81BD0B22D7FFAC0051908E /* AnimatableProgressShape.swift */,
				5D050CDD22DD6A010045F744 /* ProgressDemoProperties.swift */,
				5D54B4E8251444EB00D86E60 /* InteractiveProgressViewStyle.swift */,
				5D54B4EB251445A200D86E60 /* InteractiveProgressViewDemo.swift */,
			);
			path = Progress;
			sourceTree = "<group>";
		};
		5DA0168429D4867000ED98C1 /* Frameworks */ = {
			isa = PBXGroup;
			children = (
				5DA0168529D4867000ED98C1 /* libc++.tbd */,
			);
			name = Frameworks;
			sourceTree = "<group>";
		};
		5DC2CF2D251954F200021284 /* Sounds */ = {
			isa = PBXGroup;
			children = (
				5DC2CF2E251954FF00021284 /* SoundPlayer.swift */,
			);
			path = Sounds;
			sourceTree = "<group>";
		};
		5DC2CF322519570F00021284 /* Other */ = {
			isa = PBXGroup;
			children = (
				5DC2CF2D251954F200021284 /* Sounds */,
			);
			path = Other;
			sourceTree = "<group>";
		};
		5DD1E514260FCCAB00CB5175 /* Validation */ = {
			isa = PBXGroup;
			children = (
				5DD1E518260FCD6C00CB5175 /* FormFieldAnnotation.swift */,
				5DD1E51A260FCDA500CB5175 /* FormFieldAnnotation+Extensions.swift */,
				5DD1E51C260FCDD100CB5175 /* ValidatingTextField.swift */,
				5DD1E515260FCCBE00CB5175 /* Validator.swift */,
				5D08A619260ECFA3006B0B7B /* BarberPoleView.swift */,
				5DD1E51E260FCE7500CB5175 /* TokenMessageView.swift */,
			);
			path = Validation;
			sourceTree = "<group>";
		};
		5DFA92572345787C007B3055 /* Forms */ = {
			isa = PBXGroup;
			children = (
				5D56099A28517A2200004B22 /* Common */,
				5DD1E514260FCCAB00CB5175 /* Validation */,
				5DFA925823457885007B3055 /* Basic */,
			);
			path = Forms;
			sourceTree = "<group>";
		};
		5DFA925823457885007B3055 /* Basic */ = {
			isa = PBXGroup;
			children = (
				5DFA925923457890007B3055 /* CustomerForm.swift */,
				5DFA925D234578AC007B3055 /* Customer.swift */,
			);
			path = Basic;
			sourceTree = "<group>";
		};
/* End PBXGroup section */

/* Begin PBXNativeTarget section */
		5D81BCDC22D7EBAE0051908E /* SwiftUI Fun House */ = {
			isa = PBXNativeTarget;
			buildConfigurationList = 5D81BCF122D7EBAF0051908E /* Build configuration list for PBXNativeTarget "SwiftUI Fun House" */;
			buildPhases = (
				5D81BCD922D7EBAE0051908E /* Sources */,
				5D81BCDA22D7EBAE0051908E /* Frameworks */,
				5D81BCDB22D7EBAE0051908E /* Resources */,
			);
			buildRules = (
			);
			dependencies = (
			);
			name = "SwiftUI Fun House";
			productName = "SwiftUI Fun House";
			productReference = 5D81BCDD22D7EBAE0051908E /* SwiftUI Fun House.app */;
			productType = "com.apple.product-type.application";
		};
/* End PBXNativeTarget section */

/* Begin PBXProject section */
		5D81BCD522D7EBAE0051908E /* Project object */ = {
			isa = PBXProject;
			attributes = {
				BuildIndependentTargetsInParallel = YES;
				LastSwiftUpdateCheck = 1100;
				LastUpgradeCheck = 1500;
				ORGANIZATIONNAME = "Brian Coyner";
				TargetAttributes = {
					5D81BCDC22D7EBAE0051908E = {
						CreatedOnToolsVersion = 11.0;
					};
				};
			};
			buildConfigurationList = 5D81BCD822D7EBAE0051908E /* Build configuration list for PBXProject "SwiftUI Fun House" */;
			compatibilityVersion = "Xcode 12.0";
			developmentRegion = en;
			hasScannedForEncodings = 0;
			knownRegions = (
				en,
				Base,
			);
			mainGroup = 5D81BCD422D7EBAE0051908E;
			productRefGroup = 5D81BCDE22D7EBAE0051908E /* Products */;
			projectDirPath = "";
			projectRoot = "";
			targets = (
				5D81BCDC22D7EBAE0051908E /* SwiftUI Fun House */,
			);
		};
/* End PBXProject section */

/* Begin PBXResourcesBuildPhase section */
		5D81BCDB22D7EBAE0051908E /* Resources */ = {
			isa = PBXResourcesBuildPhase;
			buildActionMask = 2147483647;
			files = (
				5DC422B32519A70C00B0508D /* Localizable.strings in Resources */,
				5D81BCEA22D7EBAF0051908E /* Preview Assets.xcassets in Resources */,
				5D81BCE722D7EBAF0051908E /* Assets.xcassets in Resources */,
			);
			runOnlyForDeploymentPostprocessing = 0;
		};
/* End PBXResourcesBuildPhase section */

/* Begin PBXSourcesBuildPhase section */
		5D81BCD922D7EBAE0051908E /* Sources */ = {
			isa = PBXSourcesBuildPhase;
			buildActionMask = 2147483647;
			files = (
				5D95934F254A5D1300E1EA73 /* ProminentProgressViewStyle.swift in Sources */,
				5D81BD0A22D7FED10051908E /* IndeterminateProgressRingView.swift in Sources */,
				5D04E56E24AA83310090866B /* FunHouseApp.swift in Sources */,
				5D1D493B22E01D7300B6722D /* SineWaveDemoView.swift in Sources */,
				5DD1E516260FCCBE00CB5175 /* Validator.swift in Sources */,
				5DC40CC922DAD51C0026422B /* ProgressDemoPropertiesView.swift in Sources */,
				5DC422AE2519808F00B0508D /* ElapsedTimeView.swift in Sources */,
				5D56099C28517A3200004B22 /* FormLabelContentStyle.swift in Sources */,
				5DC422B82519AA4000B0508D /* SensorTrackRecordActionView.swift in Sources */,
				5DD1E51F260FCE7500CB5175 /* TokenMessageView.swift in Sources */,
				5DD1E51D260FCDD100CB5175 /* ValidatingTextField.swift in Sources */,
				5D81BD0522D7FDF80051908E /* PieSlice.swift in Sources */,
				5D54B5132516AC3900D86E60 /* RecordActionView.swift in Sources */,
				5D81BD0C22D7FFAC0051908E /* AnimatableProgressShape.swift in Sources */,
				5D050CE022DD6C740045F744 /* SimplePieSliceProgressDemoView.swift in Sources */,
				5D81BCFD22D7EDB70051908E /* CenterCoordinateView.swift in Sources */,
				5DC422B12519A3ED00B0508D /* EmptyText.swift in Sources */,
				5DD1E519260FCD6C00CB5175 /* FormFieldAnnotation.swift in Sources */,
				5D81BCFB22D7ED840051908E /* LissajousShape.swift in Sources */,
				5D73E8A72A41D25800A45DB8 /* AdaptiveDatePickerStyle.swift in Sources */,
				5D81BCF822D7ED460051908E /* NumberFormatter+ConvenienceInitializers.swift in Sources */,
				5DFA925E234578AC007B3055 /* Customer.swift in Sources */,
				5DC2CF2F251954FF00021284 /* SoundPlayer.swift in Sources */,
				5D050CE222DD6EC10045F744 /* ProminentProgressViewDemo.swift in Sources */,
				5D81BCFF22D7EDD50051908E /* LissajousView.swift in Sources */,
				5D152E122A407A9700A5FA5C /* ThreePointCircleDemo.swift in Sources */,
				5DC2CF2B251797A300021284 /* RecordStatusView.swift in Sources */,
				5D54B4E9251444EB00D86E60 /* InteractiveProgressViewStyle.swift in Sources */,
				5D37390824BA204400B28165 /* RecordActionButtonStyle.swift in Sources */,
				5DD1E51B260FCDA500CB5175 /* FormFieldAnnotation+Extensions.swift in Sources */,
				5DDF456324B63B55005CA54F /* FormLabel.swift in Sources */,
				5D1D493E22E01E7100B6722D /* SineWaveView.swift in Sources */,
				5D22EC4A2606A2900052F596 /* AdaptiveRoundedRectangle.swift in Sources */,
				5D37390A24BA209A00B28165 /* RecordActionDemoView.swift in Sources */,
				5D4D3F392A41422D00B8D7BA /* ThreePointCircleModel.swift in Sources */,
				5D5609A028517BBD00004B22 /* View+FormLabel.swift in Sources */,
				5D81BD0122D7EE040051908E /* LissajousDemoView.swift in Sources */,
				5D81BCE522D7EBAE0051908E /* MenuView.swift in Sources */,
				5D050CE422DEAC340045F744 /* IndeterminateProgressDemoView.swift in Sources */,
				5D54B4EC251445A200D86E60 /* InteractiveProgressViewDemo.swift in Sources */,
				5D050CDE22DD6A010045F744 /* ProgressDemoProperties.swift in Sources */,
				5D08A61A260ECFA3006B0B7B /* BarberPoleView.swift in Sources */,
				5D22EC4C2606A2EF0052F596 /* AdaptiveRoundedRectangleDemo.swift in Sources */,
				5D56099E28517A6800004B22 /* FormLabelCapable.swift in Sources */,
				5DFA925A23457890007B3055 /* CustomerForm.swift in Sources */,
				5D1D494022E01EC500B6722D /* SineWave.swift in Sources */,
				5D54B5172516B19E00D86E60 /* RecordActionSummaryView.swift in Sources */,
				5D81BD1022D800940051908E /* SimpleCircleProgressDemoView.swift in Sources */,
			);
			runOnlyForDeploymentPostprocessing = 0;
		};
/* End PBXSourcesBuildPhase section */

/* Begin PBXVariantGroup section */
		5DC422B52519A70C00B0508D /* Localizable.strings */ = {
			isa = PBXVariantGroup;
			children = (
				5DC422B42519A70C00B0508D /* en */,
			);
			name = Localizable.strings;
			sourceTree = "<group>";
		};
/* End PBXVariantGroup section */

/* Begin XCBuildConfiguration section */
		5D81BCEF22D7EBAF0051908E /* Debug */ = {
			isa = XCBuildConfiguration;
			buildSettings = {
				ALWAYS_SEARCH_USER_PATHS = NO;
				ASSETCATALOG_COMPILER_GENERATE_SWIFT_ASSET_SYMBOL_EXTENSIONS = YES;
				CLANG_ANALYZER_NONNULL = YES;
				CLANG_ANALYZER_NUMBER_OBJECT_CONVERSION = YES_AGGRESSIVE;
				CLANG_CXX_LANGUAGE_STANDARD = "gnu++14";
				CLANG_CXX_LIBRARY = "libc++";
				CLANG_ENABLE_MODULES = YES;
				CLANG_ENABLE_OBJC_ARC = YES;
				CLANG_ENABLE_OBJC_WEAK = YES;
				CLANG_WARN_BLOCK_CAPTURE_AUTORELEASING = YES;
				CLANG_WARN_BOOL_CONVERSION = YES;
				CLANG_WARN_COMMA = YES;
				CLANG_WARN_CONSTANT_CONVERSION = YES;
				CLANG_WARN_DEPRECATED_OBJC_IMPLEMENTATIONS = YES;
				CLANG_WARN_DIRECT_OBJC_ISA_USAGE = YES_ERROR;
				CLANG_WARN_DOCUMENTATION_COMMENTS = YES;
				CLANG_WARN_EMPTY_BODY = YES;
				CLANG_WARN_ENUM_CONVERSION = YES;
				CLANG_WARN_INFINITE_RECURSION = YES;
				CLANG_WARN_INT_CONVERSION = YES;
				CLANG_WARN_NON_LITERAL_NULL_CONVERSION = YES;
				CLANG_WARN_OBJC_IMPLICIT_RETAIN_SELF = YES;
				CLANG_WARN_OBJC_LITERAL_CONVERSION = YES;
				CLANG_WARN_OBJC_ROOT_CLASS = YES_ERROR;
				CLANG_WARN_QUOTED_INCLUDE_IN_FRAMEWORK_HEADER = YES;
				CLANG_WARN_RANGE_LOOP_ANALYSIS = YES;
				CLANG_WARN_STRICT_PROTOTYPES = YES;
				CLANG_WARN_SUSPICIOUS_MOVE = YES;
				CLANG_WARN_UNGUARDED_AVAILABILITY = YES_AGGRESSIVE;
				CLANG_WARN_UNREACHABLE_CODE = YES;
				CLANG_WARN__DUPLICATE_METHOD_MATCH = YES;
				COPY_PHASE_STRIP = NO;
				DEBUG_INFORMATION_FORMAT = dwarf;
				ENABLE_STRICT_OBJC_MSGSEND = YES;
				ENABLE_TESTABILITY = YES;
				ENABLE_USER_SCRIPT_SANDBOXING = YES;
				GCC_C_LANGUAGE_STANDARD = gnu11;
				GCC_DYNAMIC_NO_PIC = NO;
				GCC_NO_COMMON_BLOCKS = YES;
				GCC_OPTIMIZATION_LEVEL = 0;
				GCC_PREPROCESSOR_DEFINITIONS = (
					"DEBUG=1",
					"$(inherited)",
				);
				GCC_WARN_64_TO_32_BIT_CONVERSION = YES;
				GCC_WARN_ABOUT_RETURN_TYPE = YES_ERROR;
				GCC_WARN_UNDECLARED_SELECTOR = YES;
				GCC_WARN_UNINITIALIZED_AUTOS = YES_AGGRESSIVE;
				GCC_WARN_UNUSED_FUNCTION = YES;
				GCC_WARN_UNUSED_VARIABLE = YES;
				MTL_ENABLE_DEBUG_INFO = INCLUDE_SOURCE;
				MTL_FAST_MATH = YES;
				ONLY_ACTIVE_ARCH = YES;
				SDKROOT = iphoneos;
				SWIFT_ACTIVE_COMPILATION_CONDITIONS = DEBUG;
				SWIFT_OPTIMIZATION_LEVEL = "-Onone";
			};
			name = Debug;
		};
		5D81BCF022D7EBAF0051908E /* Release */ = {
			isa = XCBuildConfiguration;
			buildSettings = {
				ALWAYS_SEARCH_USER_PATHS = NO;
				ASSETCATALOG_COMPILER_GENERATE_SWIFT_ASSET_SYMBOL_EXTENSIONS = YES;
				CLANG_ANALYZER_NONNULL = YES;
				CLANG_ANALYZER_NUMBER_OBJECT_CONVERSION = YES_AGGRESSIVE;
				CLANG_CXX_LANGUAGE_STANDARD = "gnu++14";
				CLANG_CXX_LIBRARY = "libc++";
				CLANG_ENABLE_MODULES = YES;
				CLANG_ENABLE_OBJC_ARC = YES;
				CLANG_ENABLE_OBJC_WEAK = YES;
				CLANG_WARN_BLOCK_CAPTURE_AUTORELEASING = YES;
				CLANG_WARN_BOOL_CONVERSION = YES;
				CLANG_WARN_COMMA = YES;
				CLANG_WARN_CONSTANT_CONVERSION = YES;
				CLANG_WARN_DEPRECATED_OBJC_IMPLEMENTATIONS = YES;
				CLANG_WARN_DIRECT_OBJC_ISA_USAGE = YES_ERROR;
				CLANG_WARN_DOCUMENTATION_COMMENTS = YES;
				CLANG_WARN_EMPTY_BODY = YES;
				CLANG_WARN_ENUM_CONVERSION = YES;
				CLANG_WARN_INFINITE_RECURSION = YES;
				CLANG_WARN_INT_CONVERSION = YES;
				CLANG_WARN_NON_LITERAL_NULL_CONVERSION = YES;
				CLANG_WARN_OBJC_IMPLICIT_RETAIN_SELF = YES;
				CLANG_WARN_OBJC_LITERAL_CONVERSION = YES;
				CLANG_WARN_OBJC_ROOT_CLASS = YES_ERROR;
				CLANG_WARN_QUOTED_INCLUDE_IN_FRAMEWORK_HEADER = YES;
				CLANG_WARN_RANGE_LOOP_ANALYSIS = YES;
				CLANG_WARN_STRICT_PROTOTYPES = YES;
				CLANG_WARN_SUSPICIOUS_MOVE = YES;
				CLANG_WARN_UNGUARDED_AVAILABILITY = YES_AGGRESSIVE;
				CLANG_WARN_UNREACHABLE_CODE = YES;
				CLANG_WARN__DUPLICATE_METHOD_MATCH = YES;
				COPY_PHASE_STRIP = NO;
				DEBUG_INFORMATION_FORMAT = "dwarf-with-dsym";
				ENABLE_NS_ASSERTIONS = NO;
				ENABLE_STRICT_OBJC_MSGSEND = YES;
				ENABLE_USER_SCRIPT_SANDBOXING = YES;
				GCC_C_LANGUAGE_STANDARD = gnu11;
				GCC_NO_COMMON_BLOCKS = YES;
				GCC_WARN_64_TO_32_BIT_CONVERSION = YES;
				GCC_WARN_ABOUT_RETURN_TYPE = YES_ERROR;
				GCC_WARN_UNDECLARED_SELECTOR = YES;
				GCC_WARN_UNINITIALIZED_AUTOS = YES_AGGRESSIVE;
				GCC_WARN_UNUSED_FUNCTION = YES;
				GCC_WARN_UNUSED_VARIABLE = YES;
				MTL_ENABLE_DEBUG_INFO = NO;
				MTL_FAST_MATH = YES;
				SDKROOT = iphoneos;
				SWIFT_COMPILATION_MODE = wholemodule;
				SWIFT_OPTIMIZATION_LEVEL = "-O";
				VALIDATE_PRODUCT = YES;
			};
			name = Release;
		};
		5D81BCF222D7EBAF0051908E /* Debug */ = {
			isa = XCBuildConfiguration;
			buildSettings = {
				ASSETCATALOG_COMPILER_APPICON_NAME = AppIcon;
				CODE_SIGN_STYLE = Automatic;
				DEVELOPMENT_ASSET_PATHS = "\"SwiftUI Fun House\"/Preview\\ Content";
				DEVELOPMENT_TEAM = KC5B683642;
				ENABLE_PREVIEWS = YES;
				INFOPLIST_FILE = "SwiftUI Fun House/Info.plist";
				IPHONEOS_DEPLOYMENT_TARGET = 17.0;
				LD_RUNPATH_SEARCH_PATHS = (
					"$(inherited)",
					"@executable_path/Frameworks",
				);
				MACOSX_DEPLOYMENT_TARGET = 12.4;
				OTHER_SWIFT_FLAGS = "-warn-concurrency";
				PRODUCT_BUNDLE_IDENTIFIER = "com.highrailcompany.SwiftUI-Fun-House";
				PRODUCT_NAME = "$(TARGET_NAME)";
				SUPPORTED_PLATFORMS = "iphoneos iphonesimulator";
				SUPPORTS_MACCATALYST = NO;
				SUPPORTS_MAC_DESIGNED_FOR_IPHONE_IPAD = NO;
				SWIFT_STRICT_CONCURRENCY = complete;
				SWIFT_VERSION = 5.0;
				TARGETED_DEVICE_FAMILY = "1,2";
			};
			name = Debug;
		};
		5D81BCF322D7EBAF0051908E /* Release */ = {
			isa = XCBuildConfiguration;
			buildSettings = {
				ASSETCATALOG_COMPILER_APPICON_NAME = AppIcon;
				CODE_SIGN_STYLE = Automatic;
				DEVELOPMENT_ASSET_PATHS = "\"SwiftUI Fun House\"/Preview\\ Content";
				DEVELOPMENT_TEAM = KC5B683642;
				ENABLE_PREVIEWS = YES;
				INFOPLIST_FILE = "SwiftUI Fun House/Info.plist";
				IPHONEOS_DEPLOYMENT_TARGET = 17.0;
				LD_RUNPATH_SEARCH_PATHS = (
					"$(inherited)",
					"@executable_path/Frameworks",
				);
				MACOSX_DEPLOYMENT_TARGET = 12.4;
				OTHER_SWIFT_FLAGS = "-warn-concurrency";
				PRODUCT_BUNDLE_IDENTIFIER = "com.highrailcompany.SwiftUI-Fun-House";
				PRODUCT_NAME = "$(TARGET_NAME)";
				SUPPORTED_PLATFORMS = "iphoneos iphonesimulator";
				SUPPORTS_MACCATALYST = NO;
				SUPPORTS_MAC_DESIGNED_FOR_IPHONE_IPAD = NO;
				SWIFT_STRICT_CONCURRENCY = complete;
				SWIFT_VERSION = 5.0;
				TARGETED_DEVICE_FAMILY = "1,2";
			};
			name = Release;
		};
/* End XCBuildConfiguration section */

/* Begin XCConfigurationList section */
		5D81BCD822D7EBAE0051908E /* Build configuration list for PBXProject "SwiftUI Fun House" */ = {
			isa = XCConfigurationList;
			buildConfigurations = (
				5D81BCEF22D7EBAF0051908E /* Debug */,
				5D81BCF022D7EBAF0051908E /* Release */,
			);
			defaultConfigurationIsVisible = 0;
			defaultConfigurationName = Release;
		};
		5D81BCF122D7EBAF0051908E /* Build configuration list for PBXNativeTarget "SwiftUI Fun House" */ = {
			isa = XCConfigurationList;
			buildConfigurations = (
				5D81BCF222D7EBAF0051908E /* Debug */,
				5D81BCF322D7EBAF0051908E /* Release */,
			);
			defaultConfigurationIsVisible = 0;
			defaultConfigurationName = Release;
		};
/* End XCConfigurationList section */
	};
	rootObject = 5D81BCD522D7EBAE0051908E /* Project object */;
}
